
Microsoft Visual Studio Solution File, Format Version 12.00
# Visual Studio 14
VisualStudioVersion = 14.0.25420.1
MinimumVisualStudioVersion = 10.0.40219.1
Project("{FAE04EC0-301F-11D3-BF4B-00C04F79EFBC}") = "TimetableOfClasses", "TimetableOfClasses\TimetableOfClasses.csproj", "{B965C797-E11C-42E9-9CAC-DC41595EAFED}"
EndProject
Global
	GlobalSection(SolutionConfigurationPlatforms) = preSolution
		Debug|Any CPU = Debug|Any CPU
		Release|Any CPU = Release|Any CPU
	EndGlobalSection
	GlobalSection(ProjectConfigurationPlatforms) = postSolution
		{B965C797-E11C-42E9-9CAC-DC41595EAFED}.Debug|Any CPU.ActiveCfg = Debug|Any CPU
		{B965C797-E11C-42E9-9CAC-DC41595EAFED}.Debug|Any CPU.Build.0 = Debug|Any CPU
		{B965C797-E11C-42E9-9CAC-DC41595EAFED}.Release|Any CPU.ActiveCfg = Release|Any CPU
		{B965C797-E11C-42E9-9CAC-DC41595EAFED}.Release|Any CPU.Build.0 = Release|Any CPU
	EndGlobalSection
	GlobalSection(SolutionProperties) = preSolution
		HideSolutionNode = FALSE
	EndGlobalSection
EndGlobal
